
Microsoft Visual Studio Solution File, Format Version 12.00
# Visual Studio Version 17
VisualStudioVersion = 17.3.32929.385
MinimumVisualStudioVersion = 10.0.40219.1
Project("{FAE04EC0-301F-11D3-BF4B-00C04F79EFBC}") = "C_Sharp", "C_Sharp\C_Sharp.csproj", "{CA658599-BE1C-475C-AA15-9B8E63D5B24F}"
EndProject
Global
	GlobalSection(SolutionConfigurationPlatforms) = preSolution
		Debug|Any CPU = Debug|Any CPU
		Release|Any CPU = Release|Any CPU
	EndGlobalSection
	GlobalSection(ProjectConfigurationPlatforms) = postSolution
		{CA658599-BE1C-475C-AA15-9B8E63D5B24F}.Debug|Any CPU.ActiveCfg = Debug|Any CPU
		{CA658599-BE1C-475C-AA15-9B8E63D5B24F}.Debug|Any CPU.Build.0 = Debug|Any CPU
		{CA658599-BE1C-475C-AA15-9B8E63D5B24F}.Release|Any CPU.ActiveCfg = Release|Any CPU
		{CA658599-BE1C-475C-AA15-9B8E63D5B24F}.Release|Any CPU.Build.0 = Release|Any CPU
	EndGlobalSection
	GlobalSection(SolutionProperties) = preSolution
		HideSolutionNode = FALSE
	EndGlobalSection
	GlobalSection(ExtensibilityGlobals) = postSolution
		SolutionGuid = {0E64B673-E8C3-4AA2-A196-3E8383BF46C9}
	EndGlobalSection
EndGlobal
